
Microsoft Visual Studio Solution File, Format Version 12.00
# Visual Studio Version 16
VisualStudioVersion = 16.0.32228.343
MinimumVisualStudioVersion = 10.0.40219.1
Project("{FAE04EC0-301F-11D3-BF4B-00C04F79EFBC}") = "GatewayService", "GatewayService.csproj", "{78F1890E-EC01-4EC1-885E-4C9D58A61A98}"
EndProject
Global
	GlobalSection(SolutionConfigurationPlatforms) = preSolution
		Debug|Any CPU = Debug|Any CPU
		Release|Any CPU = Release|Any CPU
	EndGlobalSection
	GlobalSection(ProjectConfigurationPlatforms) = postSolution
		{78F1890E-EC01-4EC1-885E-4C9D58A61A98}.Debug|Any CPU.ActiveCfg = Debug|Any CPU
		{78F1890E-EC01-4EC1-885E-4C9D58A61A98}.Debug|Any CPU.Build.0 = Debug|Any CPU
		{78F1890E-EC01-4EC1-885E-4C9D58A61A98}.Release|Any CPU.ActiveCfg = Release|Any CPU
		{78F1890E-EC01-4EC1-885E-4C9D58A61A98}.Release|Any CPU.Build.0 = Release|Any CPU
	EndGlobalSection
	GlobalSection(SolutionProperties) = preSolution
		HideSolutionNode = FALSE
	EndGlobalSection
	GlobalSection(ExtensibilityGlobals) = postSolution
		SolutionGuid = {2EF07BBB-0235-4119-9A9D-C127B0290C96}
	EndGlobalSection
EndGlobal
